
Microsoft Visual Studio Solution File, Format Version 12.00
Project("{FAE04EC0-301F-11D3-BF4B-00C04F79EFBC}") = "Sandwicherie", "Sandwicherie\Sandwicherie.csproj", "{D34B2B58-9505-4FB1-BAA2-8B67CB7178F1}"
EndProject
Project("{FAE04EC0-301F-11D3-BF4B-00C04F79EFBC}") = "SandwicherieTests", "SandwicherieTests\SandwicherieTests.csproj", "{74AC5924-58E9-465F-8E2C-779789DA3599}"
EndProject
Global
	GlobalSection(SolutionConfigurationPlatforms) = preSolution
		Debug|Any CPU = Debug|Any CPU
		Release|Any CPU = Release|Any CPU
	EndGlobalSection
	GlobalSection(ProjectConfigurationPlatforms) = postSolution
		{D34B2B58-9505-4FB1-BAA2-8B67CB7178F1}.Debug|Any CPU.ActiveCfg = Debug|Any CPU
		{D34B2B58-9505-4FB1-BAA2-8B67CB7178F1}.Debug|Any CPU.Build.0 = Debug|Any CPU
		{D34B2B58-9505-4FB1-BAA2-8B67CB7178F1}.Release|Any CPU.ActiveCfg = Release|Any CPU
		{D34B2B58-9505-4FB1-BAA2-8B67CB7178F1}.Release|Any CPU.Build.0 = Release|Any CPU
		{74AC5924-58E9-465F-8E2C-779789DA3599}.Debug|Any CPU.ActiveCfg = Debug|Any CPU
		{74AC5924-58E9-465F-8E2C-779789DA3599}.Debug|Any CPU.Build.0 = Debug|Any CPU
		{74AC5924-58E9-465F-8E2C-779789DA3599}.Release|Any CPU.ActiveCfg = Release|Any CPU
		{74AC5924-58E9-465F-8E2C-779789DA3599}.Release|Any CPU.Build.0 = Release|Any CPU
	EndGlobalSection
EndGlobal
